
Microsoft Visual Studio Solution File, Format Version 12.00
# Visual Studio Version 17
VisualStudioVersion = 17.14.36518.9 d17.14
MinimumVisualStudioVersion = 10.0.40219.1
Project("{FAE04EC0-301F-11D3-BF4B-00C04F79EFBC}") = "ws_eureka_bank_soap_dotnet", "ws_eureka_bank_soap_dotnet.csproj", "{13A5997A-3D7D-406C-BD97-E1A2546A546B}"
EndProject
Global
	GlobalSection(SolutionConfigurationPlatforms) = preSolution
		Debug|Any CPU = Debug|Any CPU
		Release|Any CPU = Release|Any CPU
	EndGlobalSection
	GlobalSection(ProjectConfigurationPlatforms) = postSolution
		{13A5997A-3D7D-406C-BD97-E1A2546A546B}.Debug|Any CPU.ActiveCfg = Debug|Any CPU
		{13A5997A-3D7D-406C-BD97-E1A2546A546B}.Debug|Any CPU.Build.0 = Debug|Any CPU
		{13A5997A-3D7D-406C-BD97-E1A2546A546B}.Release|Any CPU.ActiveCfg = Release|Any CPU
		{13A5997A-3D7D-406C-BD97-E1A2546A546B}.Release|Any CPU.Build.0 = Release|Any CPU
	EndGlobalSection
	GlobalSection(SolutionProperties) = preSolution
		HideSolutionNode = FALSE
	EndGlobalSection
	GlobalSection(ExtensibilityGlobals) = postSolution
		SolutionGuid = {261E4928-520F-4504-A7A4-313577A138C0}
	EndGlobalSection
EndGlobal
