
Microsoft Visual Studio Solution File, Format Version 12.00
# Visual Studio Version 17
VisualStudioVersion = 17.14.36518.9 d17.14
MinimumVisualStudioVersion = 10.0.40219.1
Project("{FAE04EC0-301F-11D3-BF4B-00C04F79EFBC}") = "CLICON_EUREKA_GR08", "CLICON_EUREKA_GR08.csproj", "{9D79A0C5-17AF-473A-91FB-E31A81009EAC}"
EndProject
Global
	GlobalSection(SolutionConfigurationPlatforms) = preSolution
		Debug|Any CPU = Debug|Any CPU
		Release|Any CPU = Release|Any CPU
	EndGlobalSection
	GlobalSection(ProjectConfigurationPlatforms) = postSolution
		{9D79A0C5-17AF-473A-91FB-E31A81009EAC}.Debug|Any CPU.ActiveCfg = Debug|Any CPU
		{9D79A0C5-17AF-473A-91FB-E31A81009EAC}.Debug|Any CPU.Build.0 = Debug|Any CPU
		{9D79A0C5-17AF-473A-91FB-E31A81009EAC}.Release|Any CPU.ActiveCfg = Release|Any CPU
		{9D79A0C5-17AF-473A-91FB-E31A81009EAC}.Release|Any CPU.Build.0 = Release|Any CPU
	EndGlobalSection
	GlobalSection(SolutionProperties) = preSolution
		HideSolutionNode = FALSE
	EndGlobalSection
	GlobalSection(ExtensibilityGlobals) = postSolution
		SolutionGuid = {9E95F8CE-A817-4624-80D1-9246DB0174CF}
	EndGlobalSection
EndGlobal
